# THIS IS AN AUTOGENERATED FILE. DO NOT EDIT THIS FILE DIRECTLY.
# yarn lockfile v1


"@babel/runtime@^7.0.0":
  version "7.19.4"
  resolved "https://registry.yarnpkg.com/@babel/runtime/-/runtime-7.19.4.tgz#a42f814502ee467d55b38dd1c256f53a7b885c78"
  integrity sha512-EXpLCrk55f+cYqmHsSR+yD/0gAIMxxA9QK9lnQWzhMCvt+YmoBN7Zx94s++Kv0+unHk39vxNO8t+CMA2WSS3wA==
  dependencies:
    regenerator-runtime "^0.13.4"

"@types/lodash-es@^4.17.4":
  version "4.17.6"
  resolved "https://registry.yarnpkg.com/@types/lodash-es/-/lodash-es-4.17.6.tgz#c2ed4c8320ffa6f11b43eb89e9eaeec65966a0a0"
  integrity sha512-R+zTeVUKDdfoRxpAryaQNRKk3105Rrgx2CFRClIgRGaqDTdjsm8h6IYA8ir584W3ePzkZfst5xIgDwYrlh9HLg==
  dependencies:
    "@types/lodash" "*"

"@types/lodash@*":
  version "4.14.186"
  resolved "https://registry.yarnpkg.com/@types/lodash/-/lodash-4.14.186.tgz#862e5514dd7bd66ada6c70ee5fce844b06c8ee97"
  integrity sha512-eHcVlLXP0c2FlMPm56ITode2AgLMSa6aJ05JTTbYbI+7EMkCEE5qk2E41d5g2lCVTqRe0GnnRFurmlCsDODrPw==

"@yrobot/react-mobile-table@^1.2.0":
  version "1.2.0"
  resolved "https://registry.yarnpkg.com/@yrobot/react-mobile-table/-/react-mobile-table-1.2.0.tgz#013c0073f219b02e5a2f07afd2d8390baddfd8c9"
  integrity sha512-7dBlacy0iFoIq+WPy0Io6siexjqwBEg5uXApErlsjZ6ZtxuktUlmZvoK7vWwRAlnkziO0EqMlmeI7w1FP6SVfA==
  dependencies:
    memoize-one "^5.1.1"

classnames@^2.3.1:
  version "2.3.2"
  resolved "https://registry.yarnpkg.com/classnames/-/classnames-2.3.2.tgz#351d813bf0137fcc6a76a16b88208d2560a0d924"
  integrity sha512-CSbhY4cFEJRe6/GQzIk5qXZ4Jeg5pcsP7b5peFSDpffpe1cqjASH/n9UTjBwOp6XpMSTwQ8Za2K5V02ueA7Tmw==

lodash-es@^4.17.21:
  version "4.17.21"
  resolved "https://registry.yarnpkg.com/lodash-es/-/lodash-es-4.17.21.tgz#43e626c46e6591b7750beb2b50117390c609e3ee"
  integrity sha512-mKnC+QJ9pWVzv+C4/U3rRsHapFfHvQFoFB92e52xeyGMcX6/OlIl78je1u8vePzYZSkkogMPJ2yjxxsb89cxyw==

"memoize-one@>=3.1.1 <6", memoize-one@^5.1.1:
  version "5.2.1"
  resolved "https://registry.yarnpkg.com/memoize-one/-/memoize-one-5.2.1.tgz#8337aa3c4335581839ec01c3d594090cebe8f00e"
  integrity sha512-zYiwtZUcYyXKo/np96AGZAckk+FWWsUdJ3cHGGmld7+AhvcWmQyGCYUh1hc4Q/pkOhb65dQR/pqCyK0cOaHz4Q==

o-orange@^3.1.2:
  version "3.4.6"
  resolved "https://registry.yarnpkg.com/o-orange/-/o-orange-3.4.6.tgz#a3002289b02b14e4b2a46f950a81ec694d7fad98"
  integrity sha512-Oz5NHZ3jGtP8pPN494KoMNVrdeAZToltHFx9OndHeYmoKAUXEMyvtbecAQjPUOtcuD6urAkyZiCEwI88JmsqSA==

react-mobile-table@^0.0.1-alpha.16:
  version "0.0.1-alpha.16"
  resolved "https://registry.yarnpkg.com/react-mobile-table/-/react-mobile-table-0.0.1-alpha.16.tgz#75ff612b3cdcb7fa93b8ec89f545f36c8edd4348"
  integrity sha512-4Tpxp2LVLHxdElZ1eK0XJoVg0fzG74mlb1HN+UcBCQZ3zBBpkJYN1iDs34p3syVSOWTdHk6Tpbvwr3Kv+vpEyQ==
  dependencies:
    "@types/lodash-es" "^4.17.4"
    classnames "^2.3.1"
    lodash-es "^4.17.21"
    o-orange "^3.1.2"
    react-virtualized-auto-sizer "^1.0.5"
    react-window "^1.8.6"

react-super-responsive-table@^5.2.1:
  version "5.2.1"
  resolved "https://registry.yarnpkg.com/react-super-responsive-table/-/react-super-responsive-table-5.2.1.tgz#e9c3113d7676e74db9110f8385a3dddce45ee00f"
  integrity sha512-93DAJbI4FjR0Yops+0v1MZIUhIMRQOm/N//o35mk/g4NCZ99HIOB+gdZPorZwKX3mfr3h3H3ATcU4jLMfpuC9Q==

react-virtualized-auto-sizer@^1.0.5:
  version "1.0.7"
  resolved "https://registry.yarnpkg.com/react-virtualized-auto-sizer/-/react-virtualized-auto-sizer-1.0.7.tgz#bfb8414698ad1597912473de3e2e5f82180c1195"
  integrity sha512-Mxi6lwOmjwIjC1X4gABXMJcKHsOo0xWl3E3ugOgufB8GJU+MqrtY35aBuvCYv/razQ1Vbp7h1gWJjGjoNN5pmA==

react-window@^1.8.6:
  version "1.8.7"
  resolved "https://registry.yarnpkg.com/react-window/-/react-window-1.8.7.tgz#5e9fd0d23f48f432d7022cdb327219353a15f0d4"
  integrity sha512-JHEZbPXBpKMmoNO1bNhoXOOLg/ujhL/BU4IqVU9r8eQPcy5KQnGHIHDRkJ0ns9IM5+Aq5LNwt3j8t3tIrePQzA==
  dependencies:
    "@babel/runtime" "^7.0.0"
    memoize-one ">=3.1.1 <6"

regenerator-runtime@^0.13.4:
  version "0.13.10"
  resolved "https://registry.yarnpkg.com/regenerator-runtime/-/regenerator-runtime-0.13.10.tgz#ed07b19616bcbec5da6274ebc75ae95634bfc2ee"
  integrity sha512-KepLsg4dU12hryUO7bp/axHAKvwGOCV0sGloQtpagJ12ai+ojVDqkeGSiRX1zlq+kjIMZ1t7gpze+26QqtdGqw==
